
Microsoft Visual Studio Solution File, Format Version 12.00
# Visual Studio Version 16
VisualStudioVersion = 16.0.30517.126
MinimumVisualStudioVersion = 10.0.40219.1
Project("{FAE04EC0-301F-11D3-BF4B-00C04F79EFBC}") = "Functions", "Functions\Functions.csproj", "{0A21D523-5978-4BB6-9B7C-0CC3C74A4C12}"
EndProject
Project("{FAE04EC0-301F-11D3-BF4B-00C04F79EFBC}") = "Calculator", "Calculator\Calculator.csproj", "{6EB30563-6D6D-431A-9AC6-01D02C51E93A}"
EndProject
Project("{FAE04EC0-301F-11D3-BF4B-00C04F79EFBC}") = "FunctionsWithArray", "FunctionsWithArray\FunctionsWithArray.csproj", "{6444EBB9-B86B-4312-AC26-9B9A6CDF243A}"
EndProject
Global
	GlobalSection(SolutionConfigurationPlatforms) = preSolution
		Debug|Any CPU = Debug|Any CPU
		Release|Any CPU = Release|Any CPU
	EndGlobalSection
	GlobalSection(ProjectConfigurationPlatforms) = postSolution
		{0A21D523-5978-4BB6-9B7C-0CC3C74A4C12}.Debug|Any CPU.ActiveCfg = Debug|Any CPU
		{0A21D523-5978-4BB6-9B7C-0CC3C74A4C12}.Debug|Any CPU.Build.0 = Debug|Any CPU
		{0A21D523-5978-4BB6-9B7C-0CC3C74A4C12}.Release|Any CPU.ActiveCfg = Release|Any CPU
		{0A21D523-5978-4BB6-9B7C-0CC3C74A4C12}.Release|Any CPU.Build.0 = Release|Any CPU
		{6EB30563-6D6D-431A-9AC6-01D02C51E93A}.Debug|Any CPU.ActiveCfg = Debug|Any CPU
		{6EB30563-6D6D-431A-9AC6-01D02C51E93A}.Debug|Any CPU.Build.0 = Debug|Any CPU
		{6EB30563-6D6D-431A-9AC6-01D02C51E93A}.Release|Any CPU.ActiveCfg = Release|Any CPU
		{6EB30563-6D6D-431A-9AC6-01D02C51E93A}.Release|Any CPU.Build.0 = Release|Any CPU
		{6444EBB9-B86B-4312-AC26-9B9A6CDF243A}.Debug|Any CPU.ActiveCfg = Debug|Any CPU
		{6444EBB9-B86B-4312-AC26-9B9A6CDF243A}.Debug|Any CPU.Build.0 = Debug|Any CPU
		{6444EBB9-B86B-4312-AC26-9B9A6CDF243A}.Release|Any CPU.ActiveCfg = Release|Any CPU
		{6444EBB9-B86B-4312-AC26-9B9A6CDF243A}.Release|Any CPU.Build.0 = Release|Any CPU
	EndGlobalSection
	GlobalSection(SolutionProperties) = preSolution
		HideSolutionNode = FALSE
	EndGlobalSection
	GlobalSection(ExtensibilityGlobals) = postSolution
		SolutionGuid = {52D8A6C4-10AF-4A58-A4F8-35F041EC7895}
	EndGlobalSection
EndGlobal
